// !$*UTF8*$!
{
	archiveVersion = 1;
	classes = {
	};
	objectVersion = 50;
	objects = {

/* Begin PBXBuildFile section */
		E4443EE023C4F21500A4014F /* AppDelegate.swift in Sources */ = {isa = PBXBuildFile; fileRef = E4443EDF23C4F21500A4014F /* AppDelegate.swift */; };
		E4443EE223C4F21500A4014F /* SceneDelegate.swift in Sources */ = {isa = PBXBuildFile; fileRef = E4443EE123C4F21500A4014F /* SceneDelegate.swift */; };
		E4443EE423C4F21500A4014F /* ViewController.swift in Sources */ = {isa = PBXBuildFile; fileRef = E4443EE323C4F21500A4014F /* ViewController.swift */; };
		E4443EE723C4F21500A4014F /* Main.storyboard in Resources */ = {isa = PBXBuildFile; fileRef = E4443EE523C4F21500A4014F /* Main.storyboard */; };
		E4443EE923C4F21700A4014F /* Assets.xcassets in Resources */ = {isa = PBXBuildFile; fileRef = E4443EE823C4F21700A4014F /* Assets.xcassets */; };
		E4443EEC23C4F21700A4014F /* LaunchScreen.storyboard in Resources */ = {isa = PBXBuildFile; fileRef = E4443EEA23C4F21700A4014F /* LaunchScreen.storyboard */; };
/* End PBXBuildFile section */

/* Begin PBXFileReference section */
		E4443EDC23C4F21500A4014F /* ThreeLetterWord.app */ = {isa = PBXFileReference; explicitFileType = wrapper.application; includeInIndex = 0; path = ThreeLetterWord.app; sourceTree = BUILT_PRODUCTS_DIR; };
		E4443EDF23C4F21500A4014F /* AppDelegate.swift */ = {isa = PBXFileReference; lastKnownFileType = sourcecode.swift; path = AppDelegate.swift; sourceTree = "<group>"; };
		E4443EE123C4F21500A4014F /* SceneDelegate.swift */ = {isa = PBXFileReference; lastKnownFileType = sourcecode.swift; path = SceneDelegate.swift; sourceTree = "<group>"; };
		E4443EE323C4F21500A4014F /* ViewController.swift */ = {isa = PBXFileReference; lastKnownFileType = sourcecode.swift; path = ViewController.swift; sourceTree = "<group>"; };
		E4443EE623C4F21500A4014F /* Base */ = {isa = PBXFileReference; lastKnownFileType = file.storyboard; name = Base; path = Base.lproj/Main.storyboard; sourceTree = "<group>"; };
		E4443EE823C4F21700A4014F /* Assets.xcassets */ = {isa = PBXFileReference; lastKnownFileType = folder.assetcatalog; path = Assets.xcassets; sourceTree = "<group>"; };
		E4443EEB23C4F21700A4014F /* Base */ = {isa = PBXFileReference; lastKnownFileType = file.storyboard; name = Base; path = Base.lproj/LaunchScreen.storyboard; sourceTree = "<group>"; };
		E4443EED23C4F21700A4014F /* Info.plist */ = {isa = PBXFileReference; lastKnownFileType = text.plist.xml; path = Info.plist; sourceTree = "<group>"; };
/* End PBXFileReference section */

/* Begin PBXFrameworksBuildPhase section */
		E4443ED923C4F21500A4014F /* Frameworks */ = {
			isa = PBXFrameworksBuildPhase;
			buildActionMask = 2147483647;
			files = (
			);
			runOnlyForDeploymentPostprocessing = 0;
		};
/* End PBXFrameworksBuildPhase section */

/* Begin PBXGroup section */
		E4443ED323C4F21500A4014F = {
			isa = PBXGroup;
			children = (
				E4443EDE23C4F21500A4014F /* ThreeLetterWord */,
				E4443EDD23C4F21500A4014F /* Products */,
			);
			sourceTree = "<group>";
		};
		E4443EDD23C4F21500A4014F /* Products */ = {
			isa = PBXGroup;
			children = (
				E4443EDC23C4F21500A4014F /* ThreeLetterWord.app */,
			);
			name = Products;
			sourceTree = "<group>";
		};
		E4443EDE23C4F21500A4014F /* ThreeLetterWord */ = {
			isa = PBXGroup;
			children = (
				E4443EDF23C4F21500A4014F /* AppDelegate.swift */,
				E4443EE123C4F21500A4014F /* SceneDelegate.swift */,
				E4443EE323C4F21500A4014F /* ViewController.swift */,
				E4443EE523C4F21500A4014F /* Main.storyboard */,
				E4443EE823C4F21700A4014F /* Assets.xcassets */,
				E4443EEA23C4F21700A4014F /* LaunchScreen.storyboard */,
				E4443EED23C4F21700A4014F /* Info.plist */,
			);
			path = ThreeLetterWord;
			sourceTree = "<group>";
		};
/* End PBXGroup section */

/* Begin PBXNativeTarget section */
		E4443EDB23C4F21500A4014F /* ThreeLetterWord */ = {
			isa = PBXNativeTarget;
			buildConfigurationList = E4443EF023C4F21700A4014F /* Build configuration list for PBXNativeTarget "ThreeLetterWord" */;
			buildPhases = (
				E4443ED823C4F21500A4014F /* Sources */,
				E4443ED923C4F21500A4014F /* Frameworks */,
				E4443EDA23C4F21500A4014F /* Resources */,
			);
			buildRules = (
			);
			dependencies = (
			);
			name = ThreeLetterWord;
			productName = ThreeLetterWord;
			productReference = E4443EDC23C4F21500A4014F /* ThreeLetterWord.app */;
			productType = "com.apple.product-type.application";
		};
/* End PBXNativeTarget section */

/* Begin PBXProject section */
		E4443ED423C4F21500A4014F /* Project object */ = {
			isa = PBXProject;
			attributes = {
				LastSwiftUpdateCheck = 1130;
				LastUpgradeCheck = 1130;
				ORGANIZATIONNAME = "John Hersey High School";
				TargetAttributes = {
					E4443EDB23C4F21500A4014F = {
						CreatedOnToolsVersion = 11.3;
					};
				};
			};
			buildConfigurationList = E4443ED723C4F21500A4014F /* Build configuration list for PBXProject "ThreeLetterWord" */;
			compatibilityVersion = "Xcode 9.3";
			developmentRegion = en;
			hasScannedForEncodings = 0;
			knownRegions = (
				en,
				Base,
			);
			mainGroup = E4443ED323C4F21500A4014F;
			productRefGroup = E4443EDD23C4F21500A4014F /* Products */;
			projectDirPath = "";
			projectRoot = "";
			targets = (
				E4443EDB23C4F21500A4014F /* ThreeLetterWord */,
			);
		};
/* End PBXProject section */

/* Begin PBXResourcesBuildPhase section */
		E4443EDA23C4F21500A4014F /* Resources */ = {
			isa = PBXResourcesBuildPhase;
			buildActionMask = 2147483647;
			files = (
				E4443EEC23C4F21700A4014F /* LaunchScreen.storyboard in Resources */,
				E4443EE923C4F21700A4014F /* Assets.xcassets in Resources */,
				E4443EE723C4F21500A4014F /* Main.storyboard in Resources */,
			);
			runOnlyForDeploymentPostprocessing = 0;
		};
/* End PBXResourcesBuildPhase section */

/* Begin PBXSourcesBuildPhase section */
		E4443ED823C4F21500A4014F /* Sources */ = {
			isa = PBXSourcesBuildPhase;
			buildActionMask = 2147483647;
			files = (
				E4443EE423C4F21500A4014F /* ViewController.swift in Sources */,
				E4443EE023C4F21500A4014F /* AppDelegate.swift in Sources */,
				E4443EE223C4F21500A4014F /* SceneDelegate.swift in Sources */,
			);
			runOnlyForDeploymentPostprocessing = 0;
		};
/* End PBXSourcesBuildPhase section */

/* Begin PBXVariantGroup section */
		E4443EE523C4F21500A4014F /* Main.storyboard */ = {
			isa = PBXVariantGroup;
			children = (
				E4443EE623C4F21500A4014F /* Base */,
			);
			name = Main.storyboard;
			sourceTree = "<group>";
		};
		E4443EEA23C4F21700A4014F /* LaunchScreen.storyboard */ = {
			isa = PBXVariantGroup;
			children = (
				E4443EEB23C4F21700A4014F /* Base */,
			);
			name = LaunchScreen.storyboard;
			sourceTree = "<group>";
		};
/* End PBXVariantGroup section */

/* Begin XCBuildConfiguration section */
		E4443EEE23C4F21700A4014F /* Debug */ = {
			isa = XCBuildConfiguration;
			buildSettings = {
				ALWAYS_SEARCH_USER_PATHS = NO;
				CLANG_ANALYZER_NONNULL = YES;
				CLANG_ANALYZER_NUMBER_OBJECT_CONVERSION = YES_AGGRESSIVE;
				CLANG_CXX_LANGUAGE_STANDARD = "gnu++14";
				CLANG_CXX_LIBRARY = "libc++";
				CLANG_ENABLE_MODULES = YES;
				CLANG_ENABLE_OBJC_ARC = YES;
				CLANG_ENABLE_OBJC_WEAK = YES;
				CLANG_WARN_BLOCK_CAPTURE_AUTORELEASING = YES;
				CLANG_WARN_BOOL_CONVERSION = YES;
				CLANG_WARN_COMMA = YES;
				CLANG_WARN_CONSTANT_CONVERSION = YES;
				CLANG_WARN_DEPRECATED_OBJC_IMPLEMENTATIONS = YES;
				CLANG_WARN_DIRECT_OBJC_ISA_USAGE = YES_ERROR;
				CLANG_WARN_DOCUMENTATION_COMMENTS = YES;
				CLANG_WARN_EMPTY_BODY = YES;
				CLANG_WARN_ENUM_CONVERSION = YES;
				CLANG_WARN_INFINITE_RECURSION = YES;
				CLANG_WARN_INT_CONVERSION = YES;
				CLANG_WARN_NON_LITERAL_NULL_CONVERSION = YES;
				CLANG_WARN_OBJC_IMPLICIT_RETAIN_SELF = YES;
				CLANG_WARN_OBJC_LITERAL_CONVERSION = YES;
				CLANG_WARN_OBJC_ROOT_CLASS = YES_ERROR;
				CLANG_WARN_RANGE_LOOP_ANALYSIS = YES;
				CLANG_WARN_STRICT_PROTOTYPES = YES;
				CLANG_WARN_SUSPICIOUS_MOVE = YES;
				CLANG_WARN_UNGUARDED_AVAILABILITY = YES_AGGRESSIVE;
				CLANG_WARN_UNREACHABLE_CODE = YES;
				CLANG_WARN__DUPLICATE_METHOD_MATCH = YES;
				COPY_PHASE_STRIP = NO;
				DEBUG_INFORMATION_FORMAT = dwarf;
				ENABLE_STRICT_OBJC_MSGSEND = YES;
				ENABLE_TESTABILITY = YES;
				GCC_C_LANGUAGE_STANDARD = gnu11;
				GCC_DYNAMIC_NO_PIC = NO;
				GCC_NO_COMMON_BLOCKS = YES;
				GCC_OPTIMIZATION_LEVEL = 0;
				GCC_PREPROCESSOR_DEFINITIONS = (
					"DEBUG=1",
					"$(inherited)",
				);
				GCC_WARN_64_TO_32_BIT_CONVERSION = YES;
				GCC_WARN_ABOUT_RETURN_TYPE = YES_ERROR;
				GCC_WARN_UNDECLARED_SELECTOR = YES;
				GCC_WARN_UNINITIALIZED_AUTOS = YES_AGGRESSIVE;
				GCC_WARN_UNUSED_FUNCTION = YES;
				GCC_WARN_UNUSED_VARIABLE = YES;
				IPHONEOS_DEPLOYMENT_TARGET = 13.2;
				MTL_ENABLE_DEBUG_INFO = INCLUDE_SOURCE;
				MTL_FAST_MATH = YES;
				ONLY_ACTIVE_ARCH = YES;
				SDKROOT = iphoneos;
				SWIFT_ACTIVE_COMPILATION_CONDITIONS = DEBUG;
				SWIFT_OPTIMIZATION_LEVEL = "-Onone";
			};
			name = Debug;
		};
		E4443EEF23C4F21700A4014F /* Release */ = {
			isa = XCBuildConfiguration;
			buildSettings = {
				ALWAYS_SEARCH_USER_PATHS = NO;
				CLANG_ANALYZER_NONNULL = YES;
				CLANG_ANALYZER_NUMBER_OBJECT_CONVERSION = YES_AGGRESSIVE;
				CLANG_CXX_LANGUAGE_STANDARD = "gnu++14";
				CLANG_CXX_LIBRARY = "libc++";
				CLANG_ENABLE_MODULES = YES;
				CLANG_ENABLE_OBJC_ARC = YES;
				CLANG_ENABLE_OBJC_WEAK = YES;
				CLANG_WARN_BLOCK_CAPTURE_AUTORELEASING = YES;
				CLANG_WARN_BOOL_CONVERSION = YES;
				CLANG_WARN_COMMA = YES;
				CLANG_WARN_CONSTANT_CONVERSION = YES;
				CLANG_WARN_DEPRECATED_OBJC_IMPLEMENTATIONS = YES;
				CLANG_WARN_DIRECT_OBJC_ISA_USAGE = YES_ERROR;
				CLANG_WARN_DOCUMENTATION_COMMENTS = YES;
				CLANG_WARN_EMPTY_BODY = YES;
				CLANG_WARN_ENUM_CONVERSION = YES;
				CLANG_WARN_INFINITE_RECURSION = YES;
				CLANG_WARN_INT_CONVERSION = YES;
				CLANG_WARN_NON_LITERAL_NULL_CONVERSION = YES;
				CLANG_WARN_OBJC_IMPLICIT_RETAIN_SELF = YES;
				CLANG_WARN_OBJC_LITERAL_CONVERSION = YES;
				CLANG_WARN_OBJC_ROOT_CLASS = YES_ERROR;
				CLANG_WARN_RANGE_LOOP_ANALYSIS = YES;
				CLANG_WARN_STRICT_PROTOTYPES = YES;
				CLANG_WARN_SUSPICIOUS_MOVE = YES;
				CLANG_WARN_UNGUARDED_AVAILABILITY = YES_AGGRESSIVE;
				CLANG_WARN_UNREACHABLE_CODE = YES;
				CLANG_WARN__DUPLICATE_METHOD_MATCH = YES;
				COPY_PHASE_STRIP = NO;
				DEBUG_INFORMATION_FORMAT = "dwarf-with-dsym";
				ENABLE_NS_ASSERTIONS = NO;
				ENABLE_STRICT_OBJC_MSGSEND = YES;
				GCC_C_LANGUAGE_STANDARD = gnu11;
				GCC_NO_COMMON_BLOCKS = YES;
				GCC_WARN_64_TO_32_BIT_CONVERSION = YES;
				GCC_WARN_ABOUT_RETURN_TYPE = YES_ERROR;
				GCC_WARN_UNDECLARED_SELECTOR = YES;
				GCC_WARN_UNINITIALIZED_AUTOS = YES_AGGRESSIVE;
				GCC_WARN_UNUSED_FUNCTION = YES;
				GCC_WARN_UNUSED_VARIABLE = YES;
				IPHONEOS_DEPLOYMENT_TARGET = 13.2;
				MTL_ENABLE_DEBUG_INFO = NO;
				MTL_FAST_MATH = YES;
				SDKROOT = iphoneos;
				SWIFT_COMPILATION_MODE = wholemodule;
				SWIFT_OPTIMIZATION_LEVEL = "-O";
				VALIDATE_PRODUCT = YES;
			};
			name = Release;
		};
		E4443EF123C4F21700A4014F /* Debug */ = {
			isa = XCBuildConfiguration;
			buildSettings = {
				ASSETCATALOG_COMPILER_APPICON_NAME = AppIcon;
				CODE_SIGN_STYLE = Automatic;
				INFOPLIST_FILE = ThreeLetterWord/Info.plist;
				LD_RUNPATH_SEARCH_PATHS = (
					"$(inherited)",
					"@executable_path/Frameworks",
				);
				PRODUCT_BUNDLE_IDENTIFIER = org.d214.jhhs.620141.ThreeLetterWord;
				PRODUCT_NAME = "$(TARGET_NAME)";
				SWIFT_VERSION = 5.0;
				TARGETED_DEVICE_FAMILY = "1,2";
			};
			name = Debug;
		};
		E4443EF223C4F21700A4014F /* Release */ = {
			isa = XCBuildConfiguration;
			buildSettings = {
				ASSETCATALOG_COMPILER_APPICON_NAME = AppIcon;
				CODE_SIGN_STYLE = Automatic;
				INFOPLIST_FILE = ThreeLetterWord/Info.plist;
				LD_RUNPATH_SEARCH_PATHS = (
					"$(inherited)",
					"@executable_path/Frameworks",
				);
				PRODUCT_BUNDLE_IDENTIFIER = org.d214.jhhs.620141.ThreeLetterWord;
				PRODUCT_NAME = "$(TARGET_NAME)";
				SWIFT_VERSION = 5.0;
				TARGETED_DEVICE_FAMILY = "1,2";
			};
			name = Release;
		};
/* End XCBuildConfiguration section */

/* Begin XCConfigurationList section */
		E4443ED723C4F21500A4014F /* Build configuration list for PBXProject "ThreeLetterWord" */ = {
			isa = XCConfigurationList;
			buildConfigurations = (
				E4443EEE23C4F21700A4014F /* Debug */,
				E4443EEF23C4F21700A4014F /* Release */,
			);
			defaultConfigurationIsVisible = 0;
			defaultConfigurationName = Release;
		};
		E4443EF023C4F21700A4014F /* Build configuration list for PBXNativeTarget "ThreeLetterWord" */ = {
			isa = XCConfigurationList;
			buildConfigurations = (
				E4443EF123C4F21700A4014F /* Debug */,
				E4443EF223C4F21700A4014F /* Release */,
			);
			defaultConfigurationIsVisible = 0;
			defaultConfigurationName = Release;
		};
/* End XCConfigurationList section */
	};
	rootObject = E4443ED423C4F21500A4014F /* Project object */;
}
